
Microsoft Visual Studio Solution File, Format Version 12.00
# Visual Studio 15
VisualStudioVersion = 15.0.27004.2002
MinimumVisualStudioVersion = 10.0.40219.1
Project("{FAE04EC0-301F-11D3-BF4B-00C04F79EFBC}") = "WcfServiceLibrary1", "WcfServiceLibrary1\WcfServiceLibrary1.csproj", "{15B3E0D2-6217-493A-A690-158C497F5318}"
EndProject
Project("{FAE04EC0-301F-11D3-BF4B-00C04F79EFBC}") = "RunLocal", "RunLocal\RunLocal.csproj", "{5E3845FB-5059-4036-8ED3-1C3B7A0C5D0F}"
EndProject
Project("{FAE04EC0-301F-11D3-BF4B-00C04F79EFBC}") = "Common", "Common\Common.csproj", "{C770422A-5691-4863-9DF2-99D7260A845B}"
EndProject
Project("{FAE04EC0-301F-11D3-BF4B-00C04F79EFBC}") = "Models", "Models\Models.csproj", "{CE54CEF9-A825-4DC8-A9A8-3F2770BE3A66}"
EndProject
Global
	GlobalSection(SolutionConfigurationPlatforms) = preSolution
		Debug|Any CPU = Debug|Any CPU
		Release|Any CPU = Release|Any CPU
	EndGlobalSection
	GlobalSection(ProjectConfigurationPlatforms) = postSolution
		{15B3E0D2-6217-493A-A690-158C497F5318}.Debug|Any CPU.ActiveCfg = Debug|Any CPU
		{15B3E0D2-6217-493A-A690-158C497F5318}.Debug|Any CPU.Build.0 = Debug|Any CPU
		{15B3E0D2-6217-493A-A690-158C497F5318}.Release|Any CPU.ActiveCfg = Release|Any CPU
		{15B3E0D2-6217-493A-A690-158C497F5318}.Release|Any CPU.Build.0 = Release|Any CPU
		{5E3845FB-5059-4036-8ED3-1C3B7A0C5D0F}.Debug|Any CPU.ActiveCfg = Debug|Any CPU
		{5E3845FB-5059-4036-8ED3-1C3B7A0C5D0F}.Debug|Any CPU.Build.0 = Debug|Any CPU
		{5E3845FB-5059-4036-8ED3-1C3B7A0C5D0F}.Release|Any CPU.ActiveCfg = Release|Any CPU
		{5E3845FB-5059-4036-8ED3-1C3B7A0C5D0F}.Release|Any CPU.Build.0 = Release|Any CPU
		{C770422A-5691-4863-9DF2-99D7260A845B}.Debug|Any CPU.ActiveCfg = Debug|Any CPU
		{C770422A-5691-4863-9DF2-99D7260A845B}.Debug|Any CPU.Build.0 = Debug|Any CPU
		{C770422A-5691-4863-9DF2-99D7260A845B}.Release|Any CPU.ActiveCfg = Release|Any CPU
		{C770422A-5691-4863-9DF2-99D7260A845B}.Release|Any CPU.Build.0 = Release|Any CPU
		{CE54CEF9-A825-4DC8-A9A8-3F2770BE3A66}.Debug|Any CPU.ActiveCfg = Debug|Any CPU
		{CE54CEF9-A825-4DC8-A9A8-3F2770BE3A66}.Debug|Any CPU.Build.0 = Debug|Any CPU
		{CE54CEF9-A825-4DC8-A9A8-3F2770BE3A66}.Release|Any CPU.ActiveCfg = Release|Any CPU
		{CE54CEF9-A825-4DC8-A9A8-3F2770BE3A66}.Release|Any CPU.Build.0 = Release|Any CPU
	EndGlobalSection
	GlobalSection(SolutionProperties) = preSolution
		HideSolutionNode = FALSE
	EndGlobalSection
	GlobalSection(ExtensibilityGlobals) = postSolution
		SolutionGuid = {662E0DAF-4AAE-47F0-8F48-EAED706C3FBC}
	EndGlobalSection
EndGlobal
